// !$*UTF8*$!
{
	archiveVersion = 1;
	classes = {
	};
	objectVersion = 51;
	objects = {

/* Begin PBXBuildFile section */
		72E951FAF1F31C8DCF698F67 /* Pods_exampleios.framework in Frameworks */ = {isa = PBXBuildFile; fileRef = 732E08E7E5B654E36F8D8452 /* Pods_exampleios.framework */; };
		CFCD3823274B7BF0002DE608 /* RealmViewController.swift in Sources */ = {isa = PBXBuildFile; fileRef = CFCD3822274B7BF0002DE608 /* RealmViewController.swift */; };
		CFEAF34927390BA30015EB8D /* AppDelegate.swift in Sources */ = {isa = PBXBuildFile; fileRef = CFEAF34827390BA30015EB8D /* AppDelegate.swift */; };
		CFEAF34B27390BA30015EB8D /* SceneDelegate.swift in Sources */ = {isa = PBXBuildFile; fileRef = CFEAF34A27390BA30015EB8D /* SceneDelegate.swift */; };
		CFEAF34D27390BA30015EB8D /* ViewController.swift in Sources */ = {isa = PBXBuildFile; fileRef = CFEAF34C27390BA30015EB8D /* ViewController.swift */; };
		CFEAF35027390BA30015EB8D /* Main.storyboard in Resources */ = {isa = PBXBuildFile; fileRef = CFEAF34E27390BA30015EB8D /* Main.storyboard */; };
		CFEAF35227390BA50015EB8D /* Assets.xcassets in Resources */ = {isa = PBXBuildFile; fileRef = CFEAF35127390BA50015EB8D /* Assets.xcassets */; };
		CFEAF35527390BA50015EB8D /* LaunchScreen.storyboard in Resources */ = {isa = PBXBuildFile; fileRef = CFEAF35327390BA50015EB8D /* LaunchScreen.storyboard */; };
		CFEAF36227390E5A0015EB8D /* SegueViewController.swift in Sources */ = {isa = PBXBuildFile; fileRef = CFEAF36127390E5A0015EB8D /* SegueViewController.swift */; };
		CFF1EE6F273B9DE50062B750 /* GpsViewController.swift in Sources */ = {isa = PBXBuildFile; fileRef = CFF1EE6E273B9DE50062B750 /* GpsViewController.swift */; };
/* End PBXBuildFile section */

/* Begin PBXFileReference section */
		64AB365504440C52BDFB3DCD /* Pods-exampleios.release.xcconfig */ = {isa = PBXFileReference; includeInIndex = 1; lastKnownFileType = text.xcconfig; name = "Pods-exampleios.release.xcconfig"; path = "Target Support Files/Pods-exampleios/Pods-exampleios.release.xcconfig"; sourceTree = "<group>"; };
		70132546D46F19D0FB139F30 /* Pods-exampleios.debug.xcconfig */ = {isa = PBXFileReference; includeInIndex = 1; lastKnownFileType = text.xcconfig; name = "Pods-exampleios.debug.xcconfig"; path = "Target Support Files/Pods-exampleios/Pods-exampleios.debug.xcconfig"; sourceTree = "<group>"; };
		732E08E7E5B654E36F8D8452 /* Pods_exampleios.framework */ = {isa = PBXFileReference; explicitFileType = wrapper.framework; includeInIndex = 0; path = Pods_exampleios.framework; sourceTree = BUILT_PRODUCTS_DIR; };
		CFCD3822274B7BF0002DE608 /* RealmViewController.swift */ = {isa = PBXFileReference; lastKnownFileType = sourcecode.swift; path = RealmViewController.swift; sourceTree = "<group>"; };
		CFEAF34527390BA30015EB8D /* exampleios.app */ = {isa = PBXFileReference; explicitFileType = wrapper.application; includeInIndex = 0; path = exampleios.app; sourceTree = BUILT_PRODUCTS_DIR; };
		CFEAF34827390BA30015EB8D /* AppDelegate.swift */ = {isa = PBXFileReference; lastKnownFileType = sourcecode.swift; path = AppDelegate.swift; sourceTree = "<group>"; };
		CFEAF34A27390BA30015EB8D /* SceneDelegate.swift */ = {isa = PBXFileReference; lastKnownFileType = sourcecode.swift; path = SceneDelegate.swift; sourceTree = "<group>"; };
		CFEAF34C27390BA30015EB8D /* ViewController.swift */ = {isa = PBXFileReference; lastKnownFileType = sourcecode.swift; path = ViewController.swift; sourceTree = "<group>"; xcLanguageSpecificationIdentifier = xcode.lang.swift; };
		CFEAF34F27390BA30015EB8D /* Base */ = {isa = PBXFileReference; lastKnownFileType = file.storyboard; name = Base; path = Base.lproj/Main.storyboard; sourceTree = "<group>"; };
		CFEAF35127390BA50015EB8D /* Assets.xcassets */ = {isa = PBXFileReference; lastKnownFileType = folder.assetcatalog; path = Assets.xcassets; sourceTree = "<group>"; };
		CFEAF35427390BA50015EB8D /* Base */ = {isa = PBXFileReference; lastKnownFileType = file.storyboard; name = Base; path = Base.lproj/LaunchScreen.storyboard; sourceTree = "<group>"; };
		CFEAF35627390BA50015EB8D /* Info.plist */ = {isa = PBXFileReference; lastKnownFileType = text.plist.xml; path = Info.plist; sourceTree = "<group>"; };
		CFEAF36127390E5A0015EB8D /* SegueViewController.swift */ = {isa = PBXFileReference; lastKnownFileType = sourcecode.swift; path = SegueViewController.swift; sourceTree = "<group>"; };
		CFF1EE6E273B9DE50062B750 /* GpsViewController.swift */ = {isa = PBXFileReference; lastKnownFileType = sourcecode.swift; path = GpsViewController.swift; sourceTree = "<group>"; };
		CFF1EE74273BB5D10062B750 /* exampleios.entitlements */ = {isa = PBXFileReference; lastKnownFileType = text.plist.entitlements; path = exampleios.entitlements; sourceTree = "<group>"; };
/* End PBXFileReference section */

/* Begin PBXFrameworksBuildPhase section */
		CFEAF34227390BA30015EB8D /* Frameworks */ = {
			isa = PBXFrameworksBuildPhase;
			buildActionMask = 2147483647;
			files = (
				72E951FAF1F31C8DCF698F67 /* Pods_exampleios.framework in Frameworks */,
			);
			runOnlyForDeploymentPostprocessing = 0;
		};
/* End PBXFrameworksBuildPhase section */

/* Begin PBXGroup section */
		0EC08155D763B92C9CF6253B /* Frameworks */ = {
			isa = PBXGroup;
			children = (
				732E08E7E5B654E36F8D8452 /* Pods_exampleios.framework */,
			);
			name = Frameworks;
			sourceTree = "<group>";
		};
		5F100389780F7D4A6D561993 /* Pods */ = {
			isa = PBXGroup;
			children = (
				70132546D46F19D0FB139F30 /* Pods-exampleios.debug.xcconfig */,
				64AB365504440C52BDFB3DCD /* Pods-exampleios.release.xcconfig */,
			);
			path = Pods;
			sourceTree = "<group>";
		};
		CFEAF33C27390BA30015EB8D = {
			isa = PBXGroup;
			children = (
				CFEAF34727390BA30015EB8D /* exampleios */,
				CFEAF34627390BA30015EB8D /* Products */,
				5F100389780F7D4A6D561993 /* Pods */,
				0EC08155D763B92C9CF6253B /* Frameworks */,
			);
			sourceTree = "<group>";
		};
		CFEAF34627390BA30015EB8D /* Products */ = {
			isa = PBXGroup;
			children = (
				CFEAF34527390BA30015EB8D /* exampleios.app */,
			);
			name = Products;
			sourceTree = "<group>";
		};
		CFEAF34727390BA30015EB8D /* exampleios */ = {
			isa = PBXGroup;
			children = (
				CFF1EE74273BB5D10062B750 /* exampleios.entitlements */,
				CFEAF36027390E230015EB8D /* activity */,
				CFEAF34827390BA30015EB8D /* AppDelegate.swift */,
				CFEAF34A27390BA30015EB8D /* SceneDelegate.swift */,
				CFEAF34E27390BA30015EB8D /* Main.storyboard */,
				CFEAF35127390BA50015EB8D /* Assets.xcassets */,
				CFEAF35327390BA50015EB8D /* LaunchScreen.storyboard */,
				CFEAF35627390BA50015EB8D /* Info.plist */,
			);
			path = exampleios;
			sourceTree = "<group>";
		};
		CFEAF36027390E230015EB8D /* activity */ = {
			isa = PBXGroup;
			children = (
				CFEAF34C27390BA30015EB8D /* ViewController.swift */,
				CFEAF36127390E5A0015EB8D /* SegueViewController.swift */,
				CFF1EE6E273B9DE50062B750 /* GpsViewController.swift */,
				CFCD3822274B7BF0002DE608 /* RealmViewController.swift */,
			);
			path = activity;
			sourceTree = "<group>";
		};
/* End PBXGroup section */

/* Begin PBXNativeTarget section */
		CFEAF34427390BA30015EB8D /* exampleios */ = {
			isa = PBXNativeTarget;
			buildConfigurationList = CFEAF35927390BA50015EB8D /* Build configuration list for PBXNativeTarget "exampleios" */;
			buildPhases = (
				A61DBD1AE00D5413EE23FCE1 /* [CP] Check Pods Manifest.lock */,
				CFEAF34127390BA30015EB8D /* Sources */,
				CFEAF34227390BA30015EB8D /* Frameworks */,
				CFEAF34327390BA30015EB8D /* Resources */,
				C19A678D36DAD752A9CD6829 /* [CP] Embed Pods Frameworks */,
			);
			buildRules = (
			);
			dependencies = (
			);
			name = exampleios;
			productName = exampleios;
			productReference = CFEAF34527390BA30015EB8D /* exampleios.app */;
			productType = "com.apple.product-type.application";
		};
/* End PBXNativeTarget section */

/* Begin PBXProject section */
		CFEAF33D27390BA30015EB8D /* Project object */ = {
			isa = PBXProject;
			attributes = {
				LastSwiftUpdateCheck = 1200;
				LastUpgradeCheck = 1200;
				TargetAttributes = {
					CFEAF34427390BA30015EB8D = {
						CreatedOnToolsVersion = 12.0.1;
					};
				};
			};
			buildConfigurationList = CFEAF34027390BA30015EB8D /* Build configuration list for PBXProject "exampleios" */;
			compatibilityVersion = "Xcode 9.3";
			developmentRegion = en;
			hasScannedForEncodings = 0;
			knownRegions = (
				en,
				Base,
			);
			mainGroup = CFEAF33C27390BA30015EB8D;
			productRefGroup = CFEAF34627390BA30015EB8D /* Products */;
			projectDirPath = "";
			projectRoot = "";
			targets = (
				CFEAF34427390BA30015EB8D /* exampleios */,
			);
		};
/* End PBXProject section */

/* Begin PBXResourcesBuildPhase section */
		CFEAF34327390BA30015EB8D /* Resources */ = {
			isa = PBXResourcesBuildPhase;
			buildActionMask = 2147483647;
			files = (
				CFEAF35527390BA50015EB8D /* LaunchScreen.storyboard in Resources */,
				CFEAF35227390BA50015EB8D /* Assets.xcassets in Resources */,
				CFEAF35027390BA30015EB8D /* Main.storyboard in Resources */,
			);
			runOnlyForDeploymentPostprocessing = 0;
		};
/* End PBXResourcesBuildPhase section */

/* Begin PBXShellScriptBuildPhase section */
		A61DBD1AE00D5413EE23FCE1 /* [CP] Check Pods Manifest.lock */ = {
			isa = PBXShellScriptBuildPhase;
			buildActionMask = 2147483647;
			files = (
			);
			inputFileListPaths = (
			);
			inputPaths = (
				"${PODS_PODFILE_DIR_PATH}/Podfile.lock",
				"${PODS_ROOT}/Manifest.lock",
			);
			name = "[CP] Check Pods Manifest.lock";
			outputFileListPaths = (
			);
			outputPaths = (
				"$(DERIVED_FILE_DIR)/Pods-exampleios-checkManifestLockResult.txt",
			);
			runOnlyForDeploymentPostprocessing = 0;
			shellPath = /bin/sh;
			shellScript = "diff \"${PODS_PODFILE_DIR_PATH}/Podfile.lock\" \"${PODS_ROOT}/Manifest.lock\" > /dev/null\nif [ $? != 0 ] ; then\n    # print error to STDERR\n    echo \"error: The sandbox is not in sync with the Podfile.lock. Run 'pod install' or update your CocoaPods installation.\" >&2\n    exit 1\nfi\n# This output is used by Xcode 'outputs' to avoid re-running this script phase.\necho \"SUCCESS\" > \"${SCRIPT_OUTPUT_FILE_0}\"\n";
			showEnvVarsInLog = 0;
		};
		C19A678D36DAD752A9CD6829 /* [CP] Embed Pods Frameworks */ = {
			isa = PBXShellScriptBuildPhase;
			buildActionMask = 2147483647;
			files = (
			);
			inputFileListPaths = (
				"${PODS_ROOT}/Target Support Files/Pods-exampleios/Pods-exampleios-frameworks-${CONFIGURATION}-input-files.xcfilelist",
			);
			name = "[CP] Embed Pods Frameworks";
			outputFileListPaths = (
				"${PODS_ROOT}/Target Support Files/Pods-exampleios/Pods-exampleios-frameworks-${CONFIGURATION}-output-files.xcfilelist",
			);
			runOnlyForDeploymentPostprocessing = 0;
			shellPath = /bin/sh;
			shellScript = "\"${PODS_ROOT}/Target Support Files/Pods-exampleios/Pods-exampleios-frameworks.sh\"\n";
			showEnvVarsInLog = 0;
		};
/* End PBXShellScriptBuildPhase section */

/* Begin PBXSourcesBuildPhase section */
		CFEAF34127390BA30015EB8D /* Sources */ = {
			isa = PBXSourcesBuildPhase;
			buildActionMask = 2147483647;
			files = (
				CFCD3823274B7BF0002DE608 /* RealmViewController.swift in Sources */,
				CFEAF36227390E5A0015EB8D /* SegueViewController.swift in Sources */,
				CFF1EE6F273B9DE50062B750 /* GpsViewController.swift in Sources */,
				CFEAF34D27390BA30015EB8D /* ViewController.swift in Sources */,
				CFEAF34927390BA30015EB8D /* AppDelegate.swift in Sources */,
				CFEAF34B27390BA30015EB8D /* SceneDelegate.swift in Sources */,
			);
			runOnlyForDeploymentPostprocessing = 0;
		};
/* End PBXSourcesBuildPhase section */

/* Begin PBXVariantGroup section */
		CFEAF34E27390BA30015EB8D /* Main.storyboard */ = {
			isa = PBXVariantGroup;
			children = (
				CFEAF34F27390BA30015EB8D /* Base */,
			);
			name = Main.storyboard;
			sourceTree = "<group>";
		};
		CFEAF35327390BA50015EB8D /* LaunchScreen.storyboard */ = {
			isa = PBXVariantGroup;
			children = (
				CFEAF35427390BA50015EB8D /* Base */,
			);
			name = LaunchScreen.storyboard;
			sourceTree = "<group>";
		};
/* End PBXVariantGroup section */

/* Begin XCBuildConfiguration section */
		CFEAF35727390BA50015EB8D /* Debug */ = {
			isa = XCBuildConfiguration;
			buildSettings = {
				ALWAYS_SEARCH_USER_PATHS = NO;
				CLANG_ANALYZER_NONNULL = YES;
				CLANG_ANALYZER_NUMBER_OBJECT_CONVERSION = YES_AGGRESSIVE;
				CLANG_CXX_LANGUAGE_STANDARD = "gnu++14";
				CLANG_CXX_LIBRARY = "libc++";
				CLANG_ENABLE_MODULES = YES;
				CLANG_ENABLE_OBJC_ARC = YES;
				CLANG_ENABLE_OBJC_WEAK = YES;
				CLANG_WARN_BLOCK_CAPTURE_AUTORELEASING = YES;
				CLANG_WARN_BOOL_CONVERSION = YES;
				CLANG_WARN_COMMA = YES;
				CLANG_WARN_CONSTANT_CONVERSION = YES;
				CLANG_WARN_DEPRECATED_OBJC_IMPLEMENTATIONS = YES;
				CLANG_WARN_DIRECT_OBJC_ISA_USAGE = YES_ERROR;
				CLANG_WARN_DOCUMENTATION_COMMENTS = YES;
				CLANG_WARN_EMPTY_BODY = YES;
				CLANG_WARN_ENUM_CONVERSION = YES;
				CLANG_WARN_INFINITE_RECURSION = YES;
				CLANG_WARN_INT_CONVERSION = YES;
				CLANG_WARN_NON_LITERAL_NULL_CONVERSION = YES;
				CLANG_WARN_OBJC_IMPLICIT_RETAIN_SELF = YES;
				CLANG_WARN_OBJC_LITERAL_CONVERSION = YES;
				CLANG_WARN_OBJC_ROOT_CLASS = YES_ERROR;
				CLANG_WARN_QUOTED_INCLUDE_IN_FRAMEWORK_HEADER = YES;
				CLANG_WARN_RANGE_LOOP_ANALYSIS = YES;
				CLANG_WARN_STRICT_PROTOTYPES = YES;
				CLANG_WARN_SUSPICIOUS_MOVE = YES;
				CLANG_WARN_UNGUARDED_AVAILABILITY = YES_AGGRESSIVE;
				CLANG_WARN_UNREACHABLE_CODE = YES;
				CLANG_WARN__DUPLICATE_METHOD_MATCH = YES;
				COPY_PHASE_STRIP = NO;
				DEBUG_INFORMATION_FORMAT = dwarf;
				ENABLE_STRICT_OBJC_MSGSEND = YES;
				ENABLE_TESTABILITY = YES;
				GCC_C_LANGUAGE_STANDARD = gnu11;
				GCC_DYNAMIC_NO_PIC = NO;
				GCC_NO_COMMON_BLOCKS = YES;
				GCC_OPTIMIZATION_LEVEL = 0;
				GCC_PREPROCESSOR_DEFINITIONS = (
					"DEBUG=1",
					"$(inherited)",
				);
				GCC_WARN_64_TO_32_BIT_CONVERSION = YES;
				GCC_WARN_ABOUT_RETURN_TYPE = YES_ERROR;
				GCC_WARN_UNDECLARED_SELECTOR = YES;
				GCC_WARN_UNINITIALIZED_AUTOS = YES_AGGRESSIVE;
				GCC_WARN_UNUSED_FUNCTION = YES;
				GCC_WARN_UNUSED_VARIABLE = YES;
				IPHONEOS_DEPLOYMENT_TARGET = 14.0;
				MTL_ENABLE_DEBUG_INFO = INCLUDE_SOURCE;
				MTL_FAST_MATH = YES;
				ONLY_ACTIVE_ARCH = YES;
				SDKROOT = iphoneos;
				SWIFT_ACTIVE_COMPILATION_CONDITIONS = DEBUG;
				SWIFT_OPTIMIZATION_LEVEL = "-Onone";
			};
			name = Debug;
		};
		CFEAF35827390BA50015EB8D /* Release */ = {
			isa = XCBuildConfiguration;
			buildSettings = {
				ALWAYS_SEARCH_USER_PATHS = NO;
				CLANG_ANALYZER_NONNULL = YES;
				CLANG_ANALYZER_NUMBER_OBJECT_CONVERSION = YES_AGGRESSIVE;
				CLANG_CXX_LANGUAGE_STANDARD = "gnu++14";
				CLANG_CXX_LIBRARY = "libc++";
				CLANG_ENABLE_MODULES = YES;
				CLANG_ENABLE_OBJC_ARC = YES;
				CLANG_ENABLE_OBJC_WEAK = YES;
				CLANG_WARN_BLOCK_CAPTURE_AUTORELEASING = YES;
				CLANG_WARN_BOOL_CONVERSION = YES;
				CLANG_WARN_COMMA = YES;
				CLANG_WARN_CONSTANT_CONVERSION = YES;
				CLANG_WARN_DEPRECATED_OBJC_IMPLEMENTATIONS = YES;
				CLANG_WARN_DIRECT_OBJC_ISA_USAGE = YES_ERROR;
				CLANG_WARN_DOCUMENTATION_COMMENTS = YES;
				CLANG_WARN_EMPTY_BODY = YES;
				CLANG_WARN_ENUM_CONVERSION = YES;
				CLANG_WARN_INFINITE_RECURSION = YES;
				CLANG_WARN_INT_CONVERSION = YES;
				CLANG_WARN_NON_LITERAL_NULL_CONVERSION = YES;
				CLANG_WARN_OBJC_IMPLICIT_RETAIN_SELF = YES;
				CLANG_WARN_OBJC_LITERAL_CONVERSION = YES;
				CLANG_WARN_OBJC_ROOT_CLASS = YES_ERROR;
				CLANG_WARN_QUOTED_INCLUDE_IN_FRAMEWORK_HEADER = YES;
				CLANG_WARN_RANGE_LOOP_ANALYSIS = YES;
				CLANG_WARN_STRICT_PROTOTYPES = YES;
				CLANG_WARN_SUSPICIOUS_MOVE = YES;
				CLANG_WARN_UNGUARDED_AVAILABILITY = YES_AGGRESSIVE;
				CLANG_WARN_UNREACHABLE_CODE = YES;
				CLANG_WARN__DUPLICATE_METHOD_MATCH = YES;
				COPY_PHASE_STRIP = NO;
				DEBUG_INFORMATION_FORMAT = "dwarf-with-dsym";
				ENABLE_NS_ASSERTIONS = NO;
				ENABLE_STRICT_OBJC_MSGSEND = YES;
				GCC_C_LANGUAGE_STANDARD = gnu11;
				GCC_NO_COMMON_BLOCKS = YES;
				GCC_WARN_64_TO_32_BIT_CONVERSION = YES;
				GCC_WARN_ABOUT_RETURN_TYPE = YES_ERROR;
				GCC_WARN_UNDECLARED_SELECTOR = YES;
				GCC_WARN_UNINITIALIZED_AUTOS = YES_AGGRESSIVE;
				GCC_WARN_UNUSED_FUNCTION = YES;
				GCC_WARN_UNUSED_VARIABLE = YES;
				IPHONEOS_DEPLOYMENT_TARGET = 14.0;
				MTL_ENABLE_DEBUG_INFO = NO;
				MTL_FAST_MATH = YES;
				SDKROOT = iphoneos;
				SWIFT_COMPILATION_MODE = wholemodule;
				SWIFT_OPTIMIZATION_LEVEL = "-O";
				VALIDATE_PRODUCT = YES;
			};
			name = Release;
		};
		CFEAF35A27390BA50015EB8D /* Debug */ = {
			isa = XCBuildConfiguration;
			baseConfigurationReference = 70132546D46F19D0FB139F30 /* Pods-exampleios.debug.xcconfig */;
			buildSettings = {
				ASSETCATALOG_COMPILER_APPICON_NAME = AppIcon;
				ASSETCATALOG_COMPILER_GLOBAL_ACCENT_COLOR_NAME = AccentColor;
				CODE_SIGN_ENTITLEMENTS = exampleios/exampleios.entitlements;
				CODE_SIGN_STYLE = Automatic;
				DEVELOPMENT_TEAM = V3U8PQ57J8;
				INFOPLIST_FILE = exampleios/Info.plist;
				IPHONEOS_DEPLOYMENT_TARGET = 13.0;
				LD_RUNPATH_SEARCH_PATHS = (
					"$(inherited)",
					"@executable_path/Frameworks",
				);
				PRODUCT_BUNDLE_IDENTIFIER = com.mrzha.exampleios;
				PRODUCT_NAME = "$(TARGET_NAME)";
				SWIFT_VERSION = 5.0;
				TARGETED_DEVICE_FAMILY = "1,2";
			};
			name = Debug;
		};
		CFEAF35B27390BA50015EB8D /* Release */ = {
			isa = XCBuildConfiguration;
			baseConfigurationReference = 64AB365504440C52BDFB3DCD /* Pods-exampleios.release.xcconfig */;
			buildSettings = {
				ASSETCATALOG_COMPILER_APPICON_NAME = AppIcon;
				ASSETCATALOG_COMPILER_GLOBAL_ACCENT_COLOR_NAME = AccentColor;
				CODE_SIGN_ENTITLEMENTS = exampleios/exampleios.entitlements;
				CODE_SIGN_STYLE = Automatic;
				DEVELOPMENT_TEAM = V3U8PQ57J8;
				INFOPLIST_FILE = exampleios/Info.plist;
				IPHONEOS_DEPLOYMENT_TARGET = 13.0;
				LD_RUNPATH_SEARCH_PATHS = (
					"$(inherited)",
					"@executable_path/Frameworks",
				);
				PRODUCT_BUNDLE_IDENTIFIER = com.mrzha.exampleios;
				PRODUCT_NAME = "$(TARGET_NAME)";
				SWIFT_VERSION = 5.0;
				TARGETED_DEVICE_FAMILY = "1,2";
			};
			name = Release;
		};
/* End XCBuildConfiguration section */

/* Begin XCConfigurationList section */
		CFEAF34027390BA30015EB8D /* Build configuration list for PBXProject "exampleios" */ = {
			isa = XCConfigurationList;
			buildConfigurations = (
				CFEAF35727390BA50015EB8D /* Debug */,
				CFEAF35827390BA50015EB8D /* Release */,
			);
			defaultConfigurationIsVisible = 0;
			defaultConfigurationName = Release;
		};
		CFEAF35927390BA50015EB8D /* Build configuration list for PBXNativeTarget "exampleios" */ = {
			isa = XCConfigurationList;
			buildConfigurations = (
				CFEAF35A27390BA50015EB8D /* Debug */,
				CFEAF35B27390BA50015EB8D /* Release */,
			);
			defaultConfigurationIsVisible = 0;
			defaultConfigurationName = Release;
		};
/* End XCConfigurationList section */
	};
	rootObject = CFEAF33D27390BA30015EB8D /* Project object */;
}
